// !$*UTF8*$!
{
	archiveVersion = 1;
	classes = {
	};
	objectVersion = 48;
	objects = {

/* Begin PBXBuildFile section */
		5F45433EB5C4230E85F77933 /* libPods-TwoLevelLinkage.a in Frameworks */ = {isa = PBXBuildFile; fileRef = 58571578893A6A0270544ABE /* libPods-TwoLevelLinkage.a */; };
		8728AE102009E59800B7ABCA /* CellDataAdapter.m in Sources */ = {isa = PBXBuildFile; fileRef = 8728AE0C2009E59700B7ABCA /* CellDataAdapter.m */; };
		8728AE112009E59800B7ABCA /* CustomCell.m in Sources */ = {isa = PBXBuildFile; fileRef = 8728AE0F2009E59700B7ABCA /* CustomCell.m */; };
		8728AE142009E6B000B7ABCA /* TwoLevelLinkageCell.m in Sources */ = {isa = PBXBuildFile; fileRef = 8728AE132009E6B000B7ABCA /* TwoLevelLinkageCell.m */; };
		8728AE172009E70000B7ABCA /* LeftLevelLinkageModel.m in Sources */ = {isa = PBXBuildFile; fileRef = 8728AE162009E70000B7ABCA /* LeftLevelLinkageModel.m */; };
		8728AE1A2009E70D00B7ABCA /* RightLevelLinkageModel.m in Sources */ = {isa = PBXBuildFile; fileRef = 8728AE192009E70D00B7ABCA /* RightLevelLinkageModel.m */; };
		8728AE1D200C98DF00B7ABCA /* CellHeaderFooterDataAdapter.m in Sources */ = {isa = PBXBuildFile; fileRef = 8728AE1C200C98DF00B7ABCA /* CellHeaderFooterDataAdapter.m */; };
		8728AE20200EECE100B7ABCA /* CustomHeaderFooterView.m in Sources */ = {isa = PBXBuildFile; fileRef = 8728AE1F200EECE100B7ABCA /* CustomHeaderFooterView.m */; };
		8745D5B12007287100090417 /* AppDelegate.m in Sources */ = {isa = PBXBuildFile; fileRef = 8745D5B02007287100090417 /* AppDelegate.m */; };
		8745D5B42007287100090417 /* ViewController.m in Sources */ = {isa = PBXBuildFile; fileRef = 8745D5B32007287100090417 /* ViewController.m */; };
		8745D5B72007287100090417 /* Main.storyboard in Resources */ = {isa = PBXBuildFile; fileRef = 8745D5B52007287100090417 /* Main.storyboard */; };
		8745D5B92007287100090417 /* Assets.xcassets in Resources */ = {isa = PBXBuildFile; fileRef = 8745D5B82007287100090417 /* Assets.xcassets */; };
		8745D5BC2007287100090417 /* LaunchScreen.storyboard in Resources */ = {isa = PBXBuildFile; fileRef = 8745D5BA2007287100090417 /* LaunchScreen.storyboard */; };
		8745D5BF2007287100090417 /* main.m in Sources */ = {isa = PBXBuildFile; fileRef = 8745D5BE2007287100090417 /* main.m */; };
		8745D5C92007287100090417 /* TwoLevelLinkageTests.m in Sources */ = {isa = PBXBuildFile; fileRef = 8745D5C82007287100090417 /* TwoLevelLinkageTests.m */; };
		8745D5D42007287100090417 /* TwoLevelLinkageUITests.m in Sources */ = {isa = PBXBuildFile; fileRef = 8745D5D32007287100090417 /* TwoLevelLinkageUITests.m */; };
		8745D5E3200728E100090417 /* TwoLevelLinkageViewController.m in Sources */ = {isa = PBXBuildFile; fileRef = 8745D5E2200728E100090417 /* TwoLevelLinkageViewController.m */; };
		8745D5E820072A7500090417 /* TwoLevelLinkageView.m in Sources */ = {isa = PBXBuildFile; fileRef = 8745D5E720072A7500090417 /* TwoLevelLinkageView.m */; };
		876A3EF2200FA3F200864FBD /* liwushuo.json in Resources */ = {isa = PBXBuildFile; fileRef = 876A3EF1200FA3F200864FBD /* liwushuo.json */; };
		876A3EF8200FA57900864FBD /* ItemManagerModel.m in Sources */ = {isa = PBXBuildFile; fileRef = 876A3EF7200FA57900864FBD /* ItemManagerModel.m */; };
		876A3EFB200FA58E00864FBD /* CategoryModel.m in Sources */ = {isa = PBXBuildFile; fileRef = 876A3EFA200FA58E00864FBD /* CategoryModel.m */; };
		876A3EFE200FA5A100864FBD /* SubCategoryModel.m in Sources */ = {isa = PBXBuildFile; fileRef = 876A3EFD200FA5A100864FBD /* SubCategoryModel.m */; };
		876A3F01200FA69500864FBD /* ShopDataModel.m in Sources */ = {isa = PBXBuildFile; fileRef = 876A3F00200FA69500864FBD /* ShopDataModel.m */; };
		876A3F042010ED1A00864FBD /* LeftSideLinkageCell.m in Sources */ = {isa = PBXBuildFile; fileRef = 876A3F032010ED1A00864FBD /* LeftSideLinkageCell.m */; };
		876A3F072010ED2700864FBD /* RightSideLinkageCell.m in Sources */ = {isa = PBXBuildFile; fileRef = 876A3F062010ED2700864FBD /* RightSideLinkageCell.m */; };
		876A3F0A201108DD00864FBD /* RightSideLinkageHeaderView.m in Sources */ = {isa = PBXBuildFile; fileRef = 876A3F09201108DD00864FBD /* RightSideLinkageHeaderView.m */; };
/* End PBXBuildFile section */

/* Begin PBXContainerItemProxy section */
		8745D5C52007287100090417 /* PBXContainerItemProxy */ = {
			isa = PBXContainerItemProxy;
			containerPortal = 8745D5A42007287100090417 /* Project object */;
			proxyType = 1;
			remoteGlobalIDString = 8745D5AB2007287100090417;
			remoteInfo = TwoLevelLinkage;
		};
		8745D5D02007287100090417 /* PBXContainerItemProxy */ = {
			isa = PBXContainerItemProxy;
			containerPortal = 8745D5A42007287100090417 /* Project object */;
			proxyType = 1;
			remoteGlobalIDString = 8745D5AB2007287100090417;
			remoteInfo = TwoLevelLinkage;
		};
/* End PBXContainerItemProxy section */

/* Begin PBXFileReference section */
		42AFB65F03C3E096AEE401B9 /* Pods-TwoLevelLinkage.debug.xcconfig */ = {isa = PBXFileReference; includeInIndex = 1; lastKnownFileType = text.xcconfig; name = "Pods-TwoLevelLinkage.debug.xcconfig"; path = "Pods/Target Support Files/Pods-TwoLevelLinkage/Pods-TwoLevelLinkage.debug.xcconfig"; sourceTree = "<group>"; };
		58571578893A6A0270544ABE /* libPods-TwoLevelLinkage.a */ = {isa = PBXFileReference; explicitFileType = archive.ar; includeInIndex = 0; path = "libPods-TwoLevelLinkage.a"; sourceTree = BUILT_PRODUCTS_DIR; };
		5A7572E51780CC67549FE7AA /* Pods-TwoLevelLinkage.release.xcconfig */ = {isa = PBXFileReference; includeInIndex = 1; lastKnownFileType = text.xcconfig; name = "Pods-TwoLevelLinkage.release.xcconfig"; path = "Pods/Target Support Files/Pods-TwoLevelLinkage/Pods-TwoLevelLinkage.release.xcconfig"; sourceTree = "<group>"; };
		8728AE0C2009E59700B7ABCA /* CellDataAdapter.m */ = {isa = PBXFileReference; fileEncoding = 4; lastKnownFileType = sourcecode.c.objc; path = CellDataAdapter.m; sourceTree = "<group>"; };
		8728AE0D2009E59700B7ABCA /* CustomCell.h */ = {isa = PBXFileReference; fileEncoding = 4; lastKnownFileType = sourcecode.c.h; path = CustomCell.h; sourceTree = "<group>"; };
		8728AE0E2009E59700B7ABCA /* CellDataAdapter.h */ = {isa = PBXFileReference; fileEncoding = 4; lastKnownFileType = sourcecode.c.h; path = CellDataAdapter.h; sourceTree = "<group>"; };
		8728AE0F2009E59700B7ABCA /* CustomCell.m */ = {isa = PBXFileReference; fileEncoding = 4; lastKnownFileType = sourcecode.c.objc; path = CustomCell.m; sourceTree = "<group>"; };
		8728AE122009E6B000B7ABCA /* TwoLevelLinkageCell.h */ = {isa = PBXFileReference; lastKnownFileType = sourcecode.c.h; path = TwoLevelLinkageCell.h; sourceTree = "<group>"; };
		8728AE132009E6B000B7ABCA /* TwoLevelLinkageCell.m */ = {isa = PBXFileReference; lastKnownFileType = sourcecode.c.objc; path = TwoLevelLinkageCell.m; sourceTree = "<group>"; };
		8728AE152009E70000B7ABCA /* LeftLevelLinkageModel.h */ = {isa = PBXFileReference; lastKnownFileType = sourcecode.c.h; path = LeftLevelLinkageModel.h; sourceTree = "<group>"; };
		8728AE162009E70000B7ABCA /* LeftLevelLinkageModel.m */ = {isa = PBXFileReference; lastKnownFileType = sourcecode.c.objc; path = LeftLevelLinkageModel.m; sourceTree = "<group>"; };
		8728AE182009E70D00B7ABCA /* RightLevelLinkageModel.h */ = {isa = PBXFileReference; lastKnownFileType = sourcecode.c.h; path = RightLevelLinkageModel.h; sourceTree = "<group>"; };
		8728AE192009E70D00B7ABCA /* RightLevelLinkageModel.m */ = {isa = PBXFileReference; lastKnownFileType = sourcecode.c.objc; path = RightLevelLinkageModel.m; sourceTree = "<group>"; };
		8728AE1B200C98DF00B7ABCA /* CellHeaderFooterDataAdapter.h */ = {isa = PBXFileReference; lastKnownFileType = sourcecode.c.h; path = CellHeaderFooterDataAdapter.h; sourceTree = "<group>"; };
		8728AE1C200C98DF00B7ABCA /* CellHeaderFooterDataAdapter.m */ = {isa = PBXFileReference; lastKnownFileType = sourcecode.c.objc; path = CellHeaderFooterDataAdapter.m; sourceTree = "<group>"; };
		8728AE1E200EECE100B7ABCA /* CustomHeaderFooterView.h */ = {isa = PBXFileReference; lastKnownFileType = sourcecode.c.h; path = CustomHeaderFooterView.h; sourceTree = "<group>"; };
		8728AE1F200EECE100B7ABCA /* CustomHeaderFooterView.m */ = {isa = PBXFileReference; lastKnownFileType = sourcecode.c.objc; path = CustomHeaderFooterView.m; sourceTree = "<group>"; };
		8745D5AC2007287100090417 /* TwoLevelLinkage.app */ = {isa = PBXFileReference; explicitFileType = wrapper.application; includeInIndex = 0; path = TwoLevelLinkage.app; sourceTree = BUILT_PRODUCTS_DIR; };
		8745D5AF2007287100090417 /* AppDelegate.h */ = {isa = PBXFileReference; lastKnownFileType = sourcecode.c.h; path = AppDelegate.h; sourceTree = "<group>"; };
		8745D5B02007287100090417 /* AppDelegate.m */ = {isa = PBXFileReference; lastKnownFileType = sourcecode.c.objc; path = AppDelegate.m; sourceTree = "<group>"; };
		8745D5B22007287100090417 /* ViewController.h */ = {isa = PBXFileReference; lastKnownFileType = sourcecode.c.h; path = ViewController.h; sourceTree = "<group>"; };
		8745D5B32007287100090417 /* ViewController.m */ = {isa = PBXFileReference; lastKnownFileType = sourcecode.c.objc; path = ViewController.m; sourceTree = "<group>"; };
		8745D5B62007287100090417 /* Base */ = {isa = PBXFileReference; lastKnownFileType = file.storyboard; name = Base; path = Base.lproj/Main.storyboard; sourceTree = "<group>"; };
		8745D5B82007287100090417 /* Assets.xcassets */ = {isa = PBXFileReference; lastKnownFileType = folder.assetcatalog; path = Assets.xcassets; sourceTree = "<group>"; };
		8745D5BB2007287100090417 /* Base */ = {isa = PBXFileReference; lastKnownFileType = file.storyboard; name = Base; path = Base.lproj/LaunchScreen.storyboard; sourceTree = "<group>"; };
		8745D5BD2007287100090417 /* Info.plist */ = {isa = PBXFileReference; lastKnownFileType = text.plist.xml; path = Info.plist; sourceTree = "<group>"; };
		8745D5BE2007287100090417 /* main.m */ = {isa = PBXFileReference; lastKnownFileType = sourcecode.c.objc; path = main.m; sourceTree = "<group>"; };
		8745D5C42007287100090417 /* TwoLevelLinkageTests.xctest */ = {isa = PBXFileReference; explicitFileType = wrapper.cfbundle; includeInIndex = 0; path = TwoLevelLinkageTests.xctest; sourceTree = BUILT_PRODUCTS_DIR; };
		8745D5C82007287100090417 /* TwoLevelLinkageTests.m */ = {isa = PBXFileReference; lastKnownFileType = sourcecode.c.objc; path = TwoLevelLinkageTests.m; sourceTree = "<group>"; };
		8745D5CA2007287100090417 /* Info.plist */ = {isa = PBXFileReference; lastKnownFileType = text.plist.xml; path = Info.plist; sourceTree = "<group>"; };
		8745D5CF2007287100090417 /* TwoLevelLinkageUITests.xctest */ = {isa = PBXFileReference; explicitFileType = wrapper.cfbundle; includeInIndex = 0; path = TwoLevelLinkageUITests.xctest; sourceTree = BUILT_PRODUCTS_DIR; };
		8745D5D32007287100090417 /* TwoLevelLinkageUITests.m */ = {isa = PBXFileReference; lastKnownFileType = sourcecode.c.objc; path = TwoLevelLinkageUITests.m; sourceTree = "<group>"; };
		8745D5D52007287100090417 /* Info.plist */ = {isa = PBXFileReference; lastKnownFileType = text.plist.xml; path = Info.plist; sourceTree = "<group>"; };
		8745D5E1200728E100090417 /* TwoLevelLinkageViewController.h */ = {isa = PBXFileReference; lastKnownFileType = sourcecode.c.h; path = TwoLevelLinkageViewController.h; sourceTree = "<group>"; };
		8745D5E2200728E100090417 /* TwoLevelLinkageViewController.m */ = {isa = PBXFileReference; lastKnownFileType = sourcecode.c.objc; path = TwoLevelLinkageViewController.m; sourceTree = "<group>"; };
		8745D5E620072A7500090417 /* TwoLevelLinkageView.h */ = {isa = PBXFileReference; lastKnownFileType = sourcecode.c.h; path = TwoLevelLinkageView.h; sourceTree = "<group>"; };
		8745D5E720072A7500090417 /* TwoLevelLinkageView.m */ = {isa = PBXFileReference; lastKnownFileType = sourcecode.c.objc; path = TwoLevelLinkageView.m; sourceTree = "<group>"; };
		876A3EF1200FA3F200864FBD /* liwushuo.json */ = {isa = PBXFileReference; fileEncoding = 4; lastKnownFileType = text.json; path = liwushuo.json; sourceTree = "<group>"; };
		876A3EF6200FA57900864FBD /* ItemManagerModel.h */ = {isa = PBXFileReference; lastKnownFileType = sourcecode.c.h; path = ItemManagerModel.h; sourceTree = "<group>"; };
		876A3EF7200FA57900864FBD /* ItemManagerModel.m */ = {isa = PBXFileReference; lastKnownFileType = sourcecode.c.objc; path = ItemManagerModel.m; sourceTree = "<group>"; };
		876A3EF9200FA58E00864FBD /* CategoryModel.h */ = {isa = PBXFileReference; lastKnownFileType = sourcecode.c.h; path = CategoryModel.h; sourceTree = "<group>"; };
		876A3EFA200FA58E00864FBD /* CategoryModel.m */ = {isa = PBXFileReference; lastKnownFileType = sourcecode.c.objc; path = CategoryModel.m; sourceTree = "<group>"; };
		876A3EFC200FA5A100864FBD /* SubCategoryModel.h */ = {isa = PBXFileReference; lastKnownFileType = sourcecode.c.h; path = SubCategoryModel.h; sourceTree = "<group>"; };
		876A3EFD200FA5A100864FBD /* SubCategoryModel.m */ = {isa = PBXFileReference; lastKnownFileType = sourcecode.c.objc; path = SubCategoryModel.m; sourceTree = "<group>"; };
		876A3EFF200FA69500864FBD /* ShopDataModel.h */ = {isa = PBXFileReference; lastKnownFileType = sourcecode.c.h; path = ShopDataModel.h; sourceTree = "<group>"; };
		876A3F00200FA69500864FBD /* ShopDataModel.m */ = {isa = PBXFileReference; lastKnownFileType = sourcecode.c.objc; path = ShopDataModel.m; sourceTree = "<group>"; };
		876A3F022010ED1A00864FBD /* LeftSideLinkageCell.h */ = {isa = PBXFileReference; lastKnownFileType = sourcecode.c.h; path = LeftSideLinkageCell.h; sourceTree = "<group>"; };
		876A3F032010ED1A00864FBD /* LeftSideLinkageCell.m */ = {isa = PBXFileReference; lastKnownFileType = sourcecode.c.objc; path = LeftSideLinkageCell.m; sourceTree = "<group>"; };
		876A3F052010ED2700864FBD /* RightSideLinkageCell.h */ = {isa = PBXFileReference; lastKnownFileType = sourcecode.c.h; path = RightSideLinkageCell.h; sourceTree = "<group>"; };
		876A3F062010ED2700864FBD /* RightSideLinkageCell.m */ = {isa = PBXFileReference; lastKnownFileType = sourcecode.c.objc; path = RightSideLinkageCell.m; sourceTree = "<group>"; };
		876A3F08201108DD00864FBD /* RightSideLinkageHeaderView.h */ = {isa = PBXFileReference; lastKnownFileType = sourcecode.c.h; path = RightSideLinkageHeaderView.h; sourceTree = "<group>"; };
		876A3F09201108DD00864FBD /* RightSideLinkageHeaderView.m */ = {isa = PBXFileReference; lastKnownFileType = sourcecode.c.objc; path = RightSideLinkageHeaderView.m; sourceTree = "<group>"; };
/* End PBXFileReference section */

/* Begin PBXFrameworksBuildPhase section */
		8745D5A92007287100090417 /* Frameworks */ = {
			isa = PBXFrameworksBuildPhase;
			buildActionMask = 2147483647;
			files = (
				5F45433EB5C4230E85F77933 /* libPods-TwoLevelLinkage.a in Frameworks */,
			);
			runOnlyForDeploymentPostprocessing = 0;
		};
		8745D5C12007287100090417 /* Frameworks */ = {
			isa = PBXFrameworksBuildPhase;
			buildActionMask = 2147483647;
			files = (
			);
			runOnlyForDeploymentPostprocessing = 0;
		};
		8745D5CC2007287100090417 /* Frameworks */ = {
			isa = PBXFrameworksBuildPhase;
			buildActionMask = 2147483647;
			files = (
			);
			runOnlyForDeploymentPostprocessing = 0;
		};
/* End PBXFrameworksBuildPhase section */

/* Begin PBXGroup section */
		8745D5A32007287100090417 = {
			isa = PBXGroup;
			children = (
				8745D5AE2007287100090417 /* TwoLevelLinkage */,
				8745D5C72007287100090417 /* TwoLevelLinkageTests */,
				8745D5D22007287100090417 /* TwoLevelLinkageUITests */,
				8745D5AD2007287100090417 /* Products */,
				F114BA27587FC2306F792310 /* Pods */,
				D5A3E702263F7BF683F11476 /* Frameworks */,
			);
			sourceTree = "<group>";
		};
		8745D5AD2007287100090417 /* Products */ = {
			isa = PBXGroup;
			children = (
				8745D5AC2007287100090417 /* TwoLevelLinkage.app */,
				8745D5C42007287100090417 /* TwoLevelLinkageTests.xctest */,
				8745D5CF2007287100090417 /* TwoLevelLinkageUITests.xctest */,
			);
			name = Products;
			sourceTree = "<group>";
		};
		8745D5AE2007287100090417 /* TwoLevelLinkage */ = {
			isa = PBXGroup;
			children = (
				8745D5AF2007287100090417 /* AppDelegate.h */,
				8745D5B02007287100090417 /* AppDelegate.m */,
				8745D5B22007287100090417 /* ViewController.h */,
				8745D5B32007287100090417 /* ViewController.m */,
				8728AE0E2009E59700B7ABCA /* CellDataAdapter.h */,
				8728AE0C2009E59700B7ABCA /* CellDataAdapter.m */,
				8728AE0D2009E59700B7ABCA /* CustomCell.h */,
				8728AE0F2009E59700B7ABCA /* CustomCell.m */,
				8728AE1B200C98DF00B7ABCA /* CellHeaderFooterDataAdapter.h */,
				8728AE1C200C98DF00B7ABCA /* CellHeaderFooterDataAdapter.m */,
				8728AE1E200EECE100B7ABCA /* CustomHeaderFooterView.h */,
				8728AE1F200EECE100B7ABCA /* CustomHeaderFooterView.m */,
				8745D5E920072B9300090417 /* TwoLevelLinkageView */,
				8745D5E520072A3500090417 /* TwoLevelLinkage */,
				8745D5B52007287100090417 /* Main.storyboard */,
				8745D5B82007287100090417 /* Assets.xcassets */,
				8745D5BA2007287100090417 /* LaunchScreen.storyboard */,
				8745D5BD2007287100090417 /* Info.plist */,
				8745D5BE2007287100090417 /* main.m */,
			);
			path = TwoLevelLinkage;
			sourceTree = "<group>";
		};
		8745D5C72007287100090417 /* TwoLevelLinkageTests */ = {
			isa = PBXGroup;
			children = (
				8745D5C82007287100090417 /* TwoLevelLinkageTests.m */,
				8745D5CA2007287100090417 /* Info.plist */,
			);
			path = TwoLevelLinkageTests;
			sourceTree = "<group>";
		};
		8745D5D22007287100090417 /* TwoLevelLinkageUITests */ = {
			isa = PBXGroup;
			children = (
				8745D5D32007287100090417 /* TwoLevelLinkageUITests.m */,
				8745D5D52007287100090417 /* Info.plist */,
			);
			path = TwoLevelLinkageUITests;
			sourceTree = "<group>";
		};
		8745D5E520072A3500090417 /* TwoLevelLinkage */ = {
			isa = PBXGroup;
			children = (
				8745D5E1200728E100090417 /* TwoLevelLinkageViewController.h */,
				8745D5E2200728E100090417 /* TwoLevelLinkageViewController.m */,
				876A3F022010ED1A00864FBD /* LeftSideLinkageCell.h */,
				876A3F032010ED1A00864FBD /* LeftSideLinkageCell.m */,
				876A3F052010ED2700864FBD /* RightSideLinkageCell.h */,
				876A3F062010ED2700864FBD /* RightSideLinkageCell.m */,
				876A3F08201108DD00864FBD /* RightSideLinkageHeaderView.h */,
				876A3F09201108DD00864FBD /* RightSideLinkageHeaderView.m */,
				876A3EF0200FA3A000864FBD /* Models */,
			);
			path = TwoLevelLinkage;
			sourceTree = "<group>";
		};
		8745D5E920072B9300090417 /* TwoLevelLinkageView */ = {
			isa = PBXGroup;
			children = (
				8745D5E620072A7500090417 /* TwoLevelLinkageView.h */,
				8745D5E720072A7500090417 /* TwoLevelLinkageView.m */,
				8728AE122009E6B000B7ABCA /* TwoLevelLinkageCell.h */,
				8728AE132009E6B000B7ABCA /* TwoLevelLinkageCell.m */,
				8728AE152009E70000B7ABCA /* LeftLevelLinkageModel.h */,
				8728AE162009E70000B7ABCA /* LeftLevelLinkageModel.m */,
				8728AE182009E70D00B7ABCA /* RightLevelLinkageModel.h */,
				8728AE192009E70D00B7ABCA /* RightLevelLinkageModel.m */,
			);
			path = TwoLevelLinkageView;
			sourceTree = "<group>";
		};
		876A3EF0200FA3A000864FBD /* Models */ = {
			isa = PBXGroup;
			children = (
				876A3EF1200FA3F200864FBD /* liwushuo.json */,
				876A3EF6200FA57900864FBD /* ItemManagerModel.h */,
				876A3EF7200FA57900864FBD /* ItemManagerModel.m */,
				876A3EFF200FA69500864FBD /* ShopDataModel.h */,
				876A3F00200FA69500864FBD /* ShopDataModel.m */,
				876A3EF9200FA58E00864FBD /* CategoryModel.h */,
				876A3EFA200FA58E00864FBD /* CategoryModel.m */,
				876A3EFC200FA5A100864FBD /* SubCategoryModel.h */,
				876A3EFD200FA5A100864FBD /* SubCategoryModel.m */,
			);
			path = Models;
			sourceTree = "<group>";
		};
		D5A3E702263F7BF683F11476 /* Frameworks */ = {
			isa = PBXGroup;
			children = (
				58571578893A6A0270544ABE /* libPods-TwoLevelLinkage.a */,
			);
			name = Frameworks;
			sourceTree = "<group>";
		};
		F114BA27587FC2306F792310 /* Pods */ = {
			isa = PBXGroup;
			children = (
				42AFB65F03C3E096AEE401B9 /* Pods-TwoLevelLinkage.debug.xcconfig */,
				5A7572E51780CC67549FE7AA /* Pods-TwoLevelLinkage.release.xcconfig */,
			);
			name = Pods;
			sourceTree = "<group>";
		};
/* End PBXGroup section */

/* Begin PBXNativeTarget section */
		8745D5AB2007287100090417 /* TwoLevelLinkage */ = {
			isa = PBXNativeTarget;
			buildConfigurationList = 8745D5D82007287100090417 /* Build configuration list for PBXNativeTarget "TwoLevelLinkage" */;
			buildPhases = (
				DC969A1089EBF3782C41709C /* [CP] Check Pods Manifest.lock */,
				8745D5A82007287100090417 /* Sources */,
				8745D5A92007287100090417 /* Frameworks */,
				8745D5AA2007287100090417 /* Resources */,
				1A9C518C146EA73B85AB9769 /* [CP] Embed Pods Frameworks */,
				4A018DA705B968DC87AE4275 /* [CP] Copy Pods Resources */,
			);
			buildRules = (
			);
			dependencies = (
			);
			name = TwoLevelLinkage;
			productName = TwoLevelLinkage;
			productReference = 8745D5AC2007287100090417 /* TwoLevelLinkage.app */;
			productType = "com.apple.product-type.application";
		};
		8745D5C32007287100090417 /* TwoLevelLinkageTests */ = {
			isa = PBXNativeTarget;
			buildConfigurationList = 8745D5DB2007287100090417 /* Build configuration list for PBXNativeTarget "TwoLevelLinkageTests" */;
			buildPhases = (
				8745D5C02007287100090417 /* Sources */,
				8745D5C12007287100090417 /* Frameworks */,
				8745D5C22007287100090417 /* Resources */,
			);
			buildRules = (
			);
			dependencies = (
				8745D5C62007287100090417 /* PBXTargetDependency */,
			);
			name = TwoLevelLinkageTests;
			productName = TwoLevelLinkageTests;
			productReference = 8745D5C42007287100090417 /* TwoLevelLinkageTests.xctest */;
			productType = "com.apple.product-type.bundle.unit-test";
		};
		8745D5CE2007287100090417 /* TwoLevelLinkageUITests */ = {
			isa = PBXNativeTarget;
			buildConfigurationList = 8745D5DE2007287100090417 /* Build configuration list for PBXNativeTarget "TwoLevelLinkageUITests" */;
			buildPhases = (
				8745D5CB2007287100090417 /* Sources */,
				8745D5CC2007287100090417 /* Frameworks */,
				8745D5CD2007287100090417 /* Resources */,
			);
			buildRules = (
			);
			dependencies = (
				8745D5D12007287100090417 /* PBXTargetDependency */,
			);
			name = TwoLevelLinkageUITests;
			productName = TwoLevelLinkageUITests;
			productReference = 8745D5CF2007287100090417 /* TwoLevelLinkageUITests.xctest */;
			productType = "com.apple.product-type.bundle.ui-testing";
		};
/* End PBXNativeTarget section */

/* Begin PBXProject section */
		8745D5A42007287100090417 /* Project object */ = {
			isa = PBXProject;
			attributes = {
				LastUpgradeCheck = 0920;
				ORGANIZATIONNAME = ZWX;
				TargetAttributes = {
					8745D5AB2007287100090417 = {
						CreatedOnToolsVersion = 9.2;
						ProvisioningStyle = Automatic;
					};
					8745D5C32007287100090417 = {
						CreatedOnToolsVersion = 9.2;
						ProvisioningStyle = Automatic;
						TestTargetID = 8745D5AB2007287100090417;
					};
					8745D5CE2007287100090417 = {
						CreatedOnToolsVersion = 9.2;
						ProvisioningStyle = Automatic;
						TestTargetID = 8745D5AB2007287100090417;
					};
				};
			};
			buildConfigurationList = 8745D5A72007287100090417 /* Build configuration list for PBXProject "TwoLevelLinkage" */;
			compatibilityVersion = "Xcode 8.0";
			developmentRegion = en;
			hasScannedForEncodings = 0;
			knownRegions = (
				en,
				Base,
			);
			mainGroup = 8745D5A32007287100090417;
			productRefGroup = 8745D5AD2007287100090417 /* Products */;
			projectDirPath = "";
			projectRoot = "";
			targets = (
				8745D5AB2007287100090417 /* TwoLevelLinkage */,
				8745D5C32007287100090417 /* TwoLevelLinkageTests */,
				8745D5CE2007287100090417 /* TwoLevelLinkageUITests */,
			);
		};
/* End PBXProject section */

/* Begin PBXResourcesBuildPhase section */
		8745D5AA2007287100090417 /* Resources */ = {
			isa = PBXResourcesBuildPhase;
			buildActionMask = 2147483647;
			files = (
				8745D5BC2007287100090417 /* LaunchScreen.storyboard in Resources */,
				876A3EF2200FA3F200864FBD /* liwushuo.json in Resources */,
				8745D5B92007287100090417 /* Assets.xcassets in Resources */,
				8745D5B72007287100090417 /* Main.storyboard in Resources */,
			);
			runOnlyForDeploymentPostprocessing = 0;
		};
		8745D5C22007287100090417 /* Resources */ = {
			isa = PBXResourcesBuildPhase;
			buildActionMask = 2147483647;
			files = (
			);
			runOnlyForDeploymentPostprocessing = 0;
		};
		8745D5CD2007287100090417 /* Resources */ = {
			isa = PBXResourcesBuildPhase;
			buildActionMask = 2147483647;
			files = (
			);
			runOnlyForDeploymentPostprocessing = 0;
		};
/* End PBXResourcesBuildPhase section */

/* Begin PBXShellScriptBuildPhase section */
		1A9C518C146EA73B85AB9769 /* [CP] Embed Pods Frameworks */ = {
			isa = PBXShellScriptBuildPhase;
			buildActionMask = 2147483647;
			files = (
			);
			inputPaths = (
			);
			name = "[CP] Embed Pods Frameworks";
			outputPaths = (
			);
			runOnlyForDeploymentPostprocessing = 0;
			shellPath = /bin/sh;
			shellScript = "\"${SRCROOT}/Pods/Target Support Files/Pods-TwoLevelLinkage/Pods-TwoLevelLinkage-frameworks.sh\"\n";
			showEnvVarsInLog = 0;
		};
		4A018DA705B968DC87AE4275 /* [CP] Copy Pods Resources */ = {
			isa = PBXShellScriptBuildPhase;
			buildActionMask = 2147483647;
			files = (
			);
			inputPaths = (
			);
			name = "[CP] Copy Pods Resources";
			outputPaths = (
			);
			runOnlyForDeploymentPostprocessing = 0;
			shellPath = /bin/sh;
			shellScript = "\"${SRCROOT}/Pods/Target Support Files/Pods-TwoLevelLinkage/Pods-TwoLevelLinkage-resources.sh\"\n";
			showEnvVarsInLog = 0;
		};
		DC969A1089EBF3782C41709C /* [CP] Check Pods Manifest.lock */ = {
			isa = PBXShellScriptBuildPhase;
			buildActionMask = 2147483647;
			files = (
			);
			inputPaths = (
			);
			name = "[CP] Check Pods Manifest.lock";
			outputPaths = (
			);
			runOnlyForDeploymentPostprocessing = 0;
			shellPath = /bin/sh;
			shellScript = "diff \"${PODS_PODFILE_DIR_PATH}/Podfile.lock\" \"${PODS_ROOT}/Manifest.lock\" > /dev/null\nif [ $? != 0 ] ; then\n    # print error to STDERR\n    echo \"error: The sandbox is not in sync with the Podfile.lock. Run 'pod install' or update your CocoaPods installation.\" >&2\n    exit 1\nfi\n";
			showEnvVarsInLog = 0;
		};
/* End PBXShellScriptBuildPhase section */

/* Begin PBXSourcesBuildPhase section */
		8745D5A82007287100090417 /* Sources */ = {
			isa = PBXSourcesBuildPhase;
			buildActionMask = 2147483647;
			files = (
				8728AE1D200C98DF00B7ABCA /* CellHeaderFooterDataAdapter.m in Sources */,
				876A3EFB200FA58E00864FBD /* CategoryModel.m in Sources */,
				8745D5E820072A7500090417 /* TwoLevelLinkageView.m in Sources */,
				8745D5B42007287100090417 /* ViewController.m in Sources */,
				876A3F0A201108DD00864FBD /* RightSideLinkageHeaderView.m in Sources */,
				876A3F042010ED1A00864FBD /* LeftSideLinkageCell.m in Sources */,
				8728AE102009E59800B7ABCA /* CellDataAdapter.m in Sources */,
				8745D5BF2007287100090417 /* main.m in Sources */,
				8728AE112009E59800B7ABCA /* CustomCell.m in Sources */,
				8728AE1A2009E70D00B7ABCA /* RightLevelLinkageModel.m in Sources */,
				8728AE142009E6B000B7ABCA /* TwoLevelLinkageCell.m in Sources */,
				8728AE172009E70000B7ABCA /* LeftLevelLinkageModel.m in Sources */,
				8728AE20200EECE100B7ABCA /* CustomHeaderFooterView.m in Sources */,
				876A3EF8200FA57900864FBD /* ItemManagerModel.m in Sources */,
				8745D5E3200728E100090417 /* TwoLevelLinkageViewController.m in Sources */,
				876A3EFE200FA5A100864FBD /* SubCategoryModel.m in Sources */,
				8745D5B12007287100090417 /* AppDelegate.m in Sources */,
				876A3F01200FA69500864FBD /* ShopDataModel.m in Sources */,
				876A3F072010ED2700864FBD /* RightSideLinkageCell.m in Sources */,
			);
			runOnlyForDeploymentPostprocessing = 0;
		};
		8745D5C02007287100090417 /* Sources */ = {
			isa = PBXSourcesBuildPhase;
			buildActionMask = 2147483647;
			files = (
				8745D5C92007287100090417 /* TwoLevelLinkageTests.m in Sources */,
			);
			runOnlyForDeploymentPostprocessing = 0;
		};
		8745D5CB2007287100090417 /* Sources */ = {
			isa = PBXSourcesBuildPhase;
			buildActionMask = 2147483647;
			files = (
				8745D5D42007287100090417 /* TwoLevelLinkageUITests.m in Sources */,
			);
			runOnlyForDeploymentPostprocessing = 0;
		};
/* End PBXSourcesBuildPhase section */

/* Begin PBXTargetDependency section */
		8745D5C62007287100090417 /* PBXTargetDependency */ = {
			isa = PBXTargetDependency;
			target = 8745D5AB2007287100090417 /* TwoLevelLinkage */;
			targetProxy = 8745D5C52007287100090417 /* PBXContainerItemProxy */;
		};
		8745D5D12007287100090417 /* PBXTargetDependency */ = {
			isa = PBXTargetDependency;
			target = 8745D5AB2007287100090417 /* TwoLevelLinkage */;
			targetProxy = 8745D5D02007287100090417 /* PBXContainerItemProxy */;
		};
/* End PBXTargetDependency section */

/* Begin PBXVariantGroup section */
		8745D5B52007287100090417 /* Main.storyboard */ = {
			isa = PBXVariantGroup;
			children = (
				8745D5B62007287100090417 /* Base */,
			);
			name = Main.storyboard;
			sourceTree = "<group>";
		};
		8745D5BA2007287100090417 /* LaunchScreen.storyboard */ = {
			isa = PBXVariantGroup;
			children = (
				8745D5BB2007287100090417 /* Base */,
			);
			name = LaunchScreen.storyboard;
			sourceTree = "<group>";
		};
/* End PBXVariantGroup section */

/* Begin XCBuildConfiguration section */
		8745D5D62007287100090417 /* Debug */ = {
			isa = XCBuildConfiguration;
			buildSettings = {
				ALWAYS_SEARCH_USER_PATHS = NO;
				CLANG_ANALYZER_NONNULL = YES;
				CLANG_ANALYZER_NUMBER_OBJECT_CONVERSION = YES_AGGRESSIVE;
				CLANG_CXX_LANGUAGE_STANDARD = "gnu++14";
				CLANG_CXX_LIBRARY = "libc++";
				CLANG_ENABLE_MODULES = YES;
				CLANG_ENABLE_OBJC_ARC = YES;
				CLANG_WARN_BLOCK_CAPTURE_AUTORELEASING = YES;
				CLANG_WARN_BOOL_CONVERSION = YES;
				CLANG_WARN_COMMA = YES;
				CLANG_WARN_CONSTANT_CONVERSION = YES;
				CLANG_WARN_DIRECT_OBJC_ISA_USAGE = YES_ERROR;
				CLANG_WARN_DOCUMENTATION_COMMENTS = YES;
				CLANG_WARN_EMPTY_BODY = YES;
				CLANG_WARN_ENUM_CONVERSION = YES;
				CLANG_WARN_INFINITE_RECURSION = YES;
				CLANG_WARN_INT_CONVERSION = YES;
				CLANG_WARN_NON_LITERAL_NULL_CONVERSION = YES;
				CLANG_WARN_OBJC_LITERAL_CONVERSION = YES;
				CLANG_WARN_OBJC_ROOT_CLASS = YES_ERROR;
				CLANG_WARN_RANGE_LOOP_ANALYSIS = YES;
				CLANG_WARN_STRICT_PROTOTYPES = YES;
				CLANG_WARN_SUSPICIOUS_MOVE = YES;
				CLANG_WARN_UNGUARDED_AVAILABILITY = YES_AGGRESSIVE;
				CLANG_WARN_UNREACHABLE_CODE = YES;
				CLANG_WARN__DUPLICATE_METHOD_MATCH = YES;
				CODE_SIGN_IDENTITY = "iPhone Developer";
				COPY_PHASE_STRIP = NO;
				DEBUG_INFORMATION_FORMAT = dwarf;
				ENABLE_STRICT_OBJC_MSGSEND = YES;
				ENABLE_TESTABILITY = YES;
				GCC_C_LANGUAGE_STANDARD = gnu11;
				GCC_DYNAMIC_NO_PIC = NO;
				GCC_NO_COMMON_BLOCKS = YES;
				GCC_OPTIMIZATION_LEVEL = 0;
				GCC_PREPROCESSOR_DEFINITIONS = (
					"DEBUG=1",
					"$(inherited)",
				);
				GCC_WARN_64_TO_32_BIT_CONVERSION = YES;
				GCC_WARN_ABOUT_RETURN_TYPE = YES_ERROR;
				GCC_WARN_UNDECLARED_SELECTOR = YES;
				GCC_WARN_UNINITIALIZED_AUTOS = YES_AGGRESSIVE;
				GCC_WARN_UNUSED_FUNCTION = YES;
				GCC_WARN_UNUSED_VARIABLE = YES;
				IPHONEOS_DEPLOYMENT_TARGET = 11.2;
				MTL_ENABLE_DEBUG_INFO = YES;
				ONLY_ACTIVE_ARCH = YES;
				SDKROOT = iphoneos;
			};
			name = Debug;
		};
		8745D5D72007287100090417 /* Release */ = {
			isa = XCBuildConfiguration;
			buildSettings = {
				ALWAYS_SEARCH_USER_PATHS = NO;
				CLANG_ANALYZER_NONNULL = YES;
				CLANG_ANALYZER_NUMBER_OBJECT_CONVERSION = YES_AGGRESSIVE;
				CLANG_CXX_LANGUAGE_STANDARD = "gnu++14";
				CLANG_CXX_LIBRARY = "libc++";
				CLANG_ENABLE_MODULES = YES;
				CLANG_ENABLE_OBJC_ARC = YES;
				CLANG_WARN_BLOCK_CAPTURE_AUTORELEASING = YES;
				CLANG_WARN_BOOL_CONVERSION = YES;
				CLANG_WARN_COMMA = YES;
				CLANG_WARN_CONSTANT_CONVERSION = YES;
				CLANG_WARN_DIRECT_OBJC_ISA_USAGE = YES_ERROR;
				CLANG_WARN_DOCUMENTATION_COMMENTS = YES;
				CLANG_WARN_EMPTY_BODY = YES;
				CLANG_WARN_ENUM_CONVERSION = YES;
				CLANG_WARN_INFINITE_RECURSION = YES;
				CLANG_WARN_INT_CONVERSION = YES;
				CLANG_WARN_NON_LITERAL_NULL_CONVERSION = YES;
				CLANG_WARN_OBJC_LITERAL_CONVERSION = YES;
				CLANG_WARN_OBJC_ROOT_CLASS = YES_ERROR;
				CLANG_WARN_RANGE_LOOP_ANALYSIS = YES;
				CLANG_WARN_STRICT_PROTOTYPES = YES;
				CLANG_WARN_SUSPICIOUS_MOVE = YES;
				CLANG_WARN_UNGUARDED_AVAILABILITY = YES_AGGRESSIVE;
				CLANG_WARN_UNREACHABLE_CODE = YES;
				CLANG_WARN__DUPLICATE_METHOD_MATCH = YES;
				CODE_SIGN_IDENTITY = "iPhone Developer";
				COPY_PHASE_STRIP = NO;
				DEBUG_INFORMATION_FORMAT = "dwarf-with-dsym";
				ENABLE_NS_ASSERTIONS = NO;
				ENABLE_STRICT_OBJC_MSGSEND = YES;
				GCC_C_LANGUAGE_STANDARD = gnu11;
				GCC_NO_COMMON_BLOCKS = YES;
				GCC_WARN_64_TO_32_BIT_CONVERSION = YES;
				GCC_WARN_ABOUT_RETURN_TYPE = YES_ERROR;
				GCC_WARN_UNDECLARED_SELECTOR = YES;
				GCC_WARN_UNINITIALIZED_AUTOS = YES_AGGRESSIVE;
				GCC_WARN_UNUSED_FUNCTION = YES;
				GCC_WARN_UNUSED_VARIABLE = YES;
				IPHONEOS_DEPLOYMENT_TARGET = 11.2;
				MTL_ENABLE_DEBUG_INFO = NO;
				SDKROOT = iphoneos;
				VALIDATE_PRODUCT = YES;
			};
			name = Release;
		};
		8745D5D92007287100090417 /* Debug */ = {
			isa = XCBuildConfiguration;
			baseConfigurationReference = 42AFB65F03C3E096AEE401B9 /* Pods-TwoLevelLinkage.debug.xcconfig */;
			buildSettings = {
				ASSETCATALOG_COMPILER_APPICON_NAME = AppIcon;
				CODE_SIGN_STYLE = Automatic;
				DEVELOPMENT_TEAM = 9L4D9UQ3SK;
				INFOPLIST_FILE = TwoLevelLinkage/Info.plist;
				LD_RUNPATH_SEARCH_PATHS = "$(inherited) @executable_path/Frameworks";
				PRODUCT_BUNDLE_IDENTIFIER = com.dghz.TwoLevelLinkage;
				PRODUCT_NAME = "$(TARGET_NAME)";
				TARGETED_DEVICE_FAMILY = "1,2";
			};
			name = Debug;
		};
		8745D5DA2007287100090417 /* Release */ = {
			isa = XCBuildConfiguration;
			baseConfigurationReference = 5A7572E51780CC67549FE7AA /* Pods-TwoLevelLinkage.release.xcconfig */;
			buildSettings = {
				ASSETCATALOG_COMPILER_APPICON_NAME = AppIcon;
				CODE_SIGN_STYLE = Automatic;
				DEVELOPMENT_TEAM = 9L4D9UQ3SK;
				INFOPLIST_FILE = TwoLevelLinkage/Info.plist;
				LD_RUNPATH_SEARCH_PATHS = "$(inherited) @executable_path/Frameworks";
				PRODUCT_BUNDLE_IDENTIFIER = com.dghz.TwoLevelLinkage;
				PRODUCT_NAME = "$(TARGET_NAME)";
				TARGETED_DEVICE_FAMILY = "1,2";
			};
			name = Release;
		};
		8745D5DC2007287100090417 /* Debug */ = {
			isa = XCBuildConfiguration;
			buildSettings = {
				BUNDLE_LOADER = "$(TEST_HOST)";
				CODE_SIGN_STYLE = Automatic;
				DEVELOPMENT_TEAM = 9L4D9UQ3SK;
				INFOPLIST_FILE = TwoLevelLinkageTests/Info.plist;
				LD_RUNPATH_SEARCH_PATHS = "$(inherited) @executable_path/Frameworks @loader_path/Frameworks";
				PRODUCT_BUNDLE_IDENTIFIER = com.dghz.TwoLevelLinkageTests;
				PRODUCT_NAME = "$(TARGET_NAME)";
				TARGETED_DEVICE_FAMILY = "1,2";
				TEST_HOST = "$(BUILT_PRODUCTS_DIR)/TwoLevelLinkage.app/TwoLevelLinkage";
			};
			name = Debug;
		};
		8745D5DD2007287100090417 /* Release */ = {
			isa = XCBuildConfiguration;
			buildSettings = {
				BUNDLE_LOADER = "$(TEST_HOST)";
				CODE_SIGN_STYLE = Automatic;
				DEVELOPMENT_TEAM = 9L4D9UQ3SK;
				INFOPLIST_FILE = TwoLevelLinkageTests/Info.plist;
				LD_RUNPATH_SEARCH_PATHS = "$(inherited) @executable_path/Frameworks @loader_path/Frameworks";
				PRODUCT_BUNDLE_IDENTIFIER = com.dghz.TwoLevelLinkageTests;
				PRODUCT_NAME = "$(TARGET_NAME)";
				TARGETED_DEVICE_FAMILY = "1,2";
				TEST_HOST = "$(BUILT_PRODUCTS_DIR)/TwoLevelLinkage.app/TwoLevelLinkage";
			};
			name = Release;
		};
		8745D5DF2007287100090417 /* Debug */ = {
			isa = XCBuildConfiguration;
			buildSettings = {
				CODE_SIGN_STYLE = Automatic;
				DEVELOPMENT_TEAM = 9L4D9UQ3SK;
				INFOPLIST_FILE = TwoLevelLinkageUITests/Info.plist;
				LD_RUNPATH_SEARCH_PATHS = "$(inherited) @executable_path/Frameworks @loader_path/Frameworks";
				PRODUCT_BUNDLE_IDENTIFIER = com.dghz.TwoLevelLinkageUITests;
				PRODUCT_NAME = "$(TARGET_NAME)";
				TARGETED_DEVICE_FAMILY = "1,2";
				TEST_TARGET_NAME = TwoLevelLinkage;
			};
			name = Debug;
		};
		8745D5E02007287100090417 /* Release */ = {
			isa = XCBuildConfiguration;
			buildSettings = {
				CODE_SIGN_STYLE = Automatic;
				DEVELOPMENT_TEAM = 9L4D9UQ3SK;
				INFOPLIST_FILE = TwoLevelLinkageUITests/Info.plist;
				LD_RUNPATH_SEARCH_PATHS = "$(inherited) @executable_path/Frameworks @loader_path/Frameworks";
				PRODUCT_BUNDLE_IDENTIFIER = com.dghz.TwoLevelLinkageUITests;
				PRODUCT_NAME = "$(TARGET_NAME)";
				TARGETED_DEVICE_FAMILY = "1,2";
				TEST_TARGET_NAME = TwoLevelLinkage;
			};
			name = Release;
		};
/* End XCBuildConfiguration section */

/* Begin XCConfigurationList section */
		8745D5A72007287100090417 /* Build configuration list for PBXProject "TwoLevelLinkage" */ = {
			isa = XCConfigurationList;
			buildConfigurations = (
				8745D5D62007287100090417 /* Debug */,
				8745D5D72007287100090417 /* Release */,
			);
			defaultConfigurationIsVisible = 0;
			defaultConfigurationName = Release;
		};
		8745D5D82007287100090417 /* Build configuration list for PBXNativeTarget "TwoLevelLinkage" */ = {
			isa = XCConfigurationList;
			buildConfigurations = (
				8745D5D92007287100090417 /* Debug */,
				8745D5DA2007287100090417 /* Release */,
			);
			defaultConfigurationIsVisible = 0;
			defaultConfigurationName = Release;
		};
		8745D5DB2007287100090417 /* Build configuration list for PBXNativeTarget "TwoLevelLinkageTests" */ = {
			isa = XCConfigurationList;
			buildConfigurations = (
				8745D5DC2007287100090417 /* Debug */,
				8745D5DD2007287100090417 /* Release */,
			);
			defaultConfigurationIsVisible = 0;
			defaultConfigurationName = Release;
		};
		8745D5DE2007287100090417 /* Build configuration list for PBXNativeTarget "TwoLevelLinkageUITests" */ = {
			isa = XCConfigurationList;
			buildConfigurations = (
				8745D5DF2007287100090417 /* Debug */,
				8745D5E02007287100090417 /* Release */,
			);
			defaultConfigurationIsVisible = 0;
			defaultConfigurationName = Release;
		};
/* End XCConfigurationList section */
	};
	rootObject = 8745D5A42007287100090417 /* Project object */;
}
